
Microsoft Visual Studio Solution File, Format Version 12.00
# Visual Studio Version 17
VisualStudioVersion = 17.0.31903.59
MinimumVisualStudioVersion = 10.0.40219.1
Project("{FAE04EC0-301F-11D3-BF4B-00C04F79EFBC}") = "AutoFlow.Abstractions", "src\AutoFlow.Abstractions\AutoFlow.Abstractions.csproj", "{11111111-1111-1111-1111-111111111111}"
EndProject
Project("{FAE04EC0-301F-11D3-BF4B-00C04F79EFBC}") = "AutoFlow.Parser", "src\AutoFlow.Parser\AutoFlow.Parser.csproj", "{44444444-4444-4444-4444-444444444444}"
EndProject
Project("{FAE04EC0-301F-11D3-BF4B-00C04F79EFBC}") = "AutoFlow.Runtime", "src\AutoFlow.Runtime\AutoFlow.Runtime.csproj", "{55555555-5555-5555-5555-555555555555}"
EndProject
Project("{FAE04EC0-301F-11D3-BF4B-00C04F79EFBC}") = "AutoFlow.PluginModel", "src\AutoFlow.PluginModel\AutoFlow.PluginModel.csproj", "{66666666-6666-6666-6666-666666666666}"
EndProject
Project("{FAE04EC0-301F-11D3-BF4B-00C04F79EFBC}") = "AutoFlow.Cli", "src\AutoFlow.Cli\AutoFlow.Cli.csproj", "{77777777-7777-7777-7777-777777777777}"
EndProject
Project("{FAE04EC0-301F-11D3-BF4B-00C04F79EFBC}") = "AutoFlow.Library.Assertions", "libraries\AutoFlow.Library.Assertions\AutoFlow.Library.Assertions.csproj", "{88888888-8888-8888-8888-888888888888}"
EndProject
Project("{FAE04EC0-301F-11D3-BF4B-00C04F79EFBC}") = "AutoFlow.Runtime.Tests", "tests\AutoFlow.Runtime.Tests\AutoFlow.Runtime.Tests.csproj", "{99999999-9999-9999-9999-999999999999}"
EndProject
Project("{2150E333-8FDC-42A3-9474-1A3956D46DE8}") = "tests", "tests", "{0AB3BF05-4346-4AA6-1389-037BE0695223}"
EndProject
Project("{FAE04EC0-301F-11D3-BF4B-00C04F79EFBC}") = "AutoFlow.Parser.Tests", "tests\AutoFlow.Parser.Tests\AutoFlow.Parser.Tests.csproj", "{8D40F600-E8E7-4E5A-B1E9-144C93777F4C}"
EndProject
Project("{2150E333-8FDC-42A3-9474-1A3956D46DE8}") = "src", "src", "{827E0CD3-B72D-47B6-A68D-7590B98EB39B}"
EndProject
Project("{FAE04EC0-301F-11D3-BF4B-00C04F79EFBC}") = "AutoFlow.Validation", "src\AutoFlow.Validation\AutoFlow.Validation.csproj", "{F4B50161-83C3-4B1D-A8ED-ACA0E4A03FAB}"
EndProject
Project("{FAE04EC0-301F-11D3-BF4B-00C04F79EFBC}") = "AutoFlow.Validation.Tests", "tests\AutoFlow.Validation.Tests\AutoFlow.Validation.Tests.csproj", "{0BD4EC67-3B75-4CFD-BCD8-002B238DC7E2}"
EndProject
Project("{2150E333-8FDC-42A3-9474-1A3956D46DE8}") = "libraries", "libraries", "{F2E35B3E-9711-EDEC-6202-DB40BDEED14A}"
EndProject
Project("{FAE04EC0-301F-11D3-BF4B-00C04F79EFBC}") = "AutoFlow.Library.Files", "libraries\AutoFlow.Library.Files\AutoFlow.Library.Files.csproj", "{1E9F468B-CB12-4D31-9087-DF0D76746A8C}"
EndProject
Project("{FAE04EC0-301F-11D3-BF4B-00C04F79EFBC}") = "AutoFlow.Library.Http", "libraries\AutoFlow.Library.Http\AutoFlow.Library.Http.csproj", "{89DEE376-0E0D-42B2-BF58-A2339C4A22B2}"
EndProject
Global
	GlobalSection(SolutionConfigurationPlatforms) = preSolution
		Debug|Any CPU = Debug|Any CPU
		Debug|x64 = Debug|x64
		Debug|x86 = Debug|x86
		Release|Any CPU = Release|Any CPU
		Release|x64 = Release|x64
		Release|x86 = Release|x86
	EndGlobalSection
	GlobalSection(ProjectConfigurationPlatforms) = postSolution
		{11111111-1111-1111-1111-111111111111}.Debug|Any CPU.ActiveCfg = Debug|Any CPU
		{11111111-1111-1111-1111-111111111111}.Debug|Any CPU.Build.0 = Debug|Any CPU
		{11111111-1111-1111-1111-111111111111}.Debug|x64.ActiveCfg = Debug|Any CPU
		{11111111-1111-1111-1111-111111111111}.Debug|x64.Build.0 = Debug|Any CPU
		{11111111-1111-1111-1111-111111111111}.Debug|x86.ActiveCfg = Debug|Any CPU
		{11111111-1111-1111-1111-111111111111}.Debug|x86.Build.0 = Debug|Any CPU
		{11111111-1111-1111-1111-111111111111}.Release|Any CPU.ActiveCfg = Release|Any CPU
		{11111111-1111-1111-1111-111111111111}.Release|Any CPU.Build.0 = Release|Any CPU
		{11111111-1111-1111-1111-111111111111}.Release|x64.ActiveCfg = Release|Any CPU
		{11111111-1111-1111-1111-111111111111}.Release|x64.Build.0 = Release|Any CPU
		{11111111-1111-1111-1111-111111111111}.Release|x86.ActiveCfg = Release|Any CPU
		{11111111-1111-1111-1111-111111111111}.Release|x86.Build.0 = Release|Any CPU
		{44444444-4444-4444-4444-444444444444}.Debug|Any CPU.ActiveCfg = Debug|Any CPU
		{44444444-4444-4444-4444-444444444444}.Debug|Any CPU.Build.0 = Debug|Any CPU
		{44444444-4444-4444-4444-444444444444}.Debug|x64.ActiveCfg = Debug|Any CPU
		{44444444-4444-4444-4444-444444444444}.Debug|x64.Build.0 = Debug|Any CPU
		{44444444-4444-4444-4444-444444444444}.Debug|x86.ActiveCfg = Debug|Any CPU
		{44444444-4444-4444-4444-444444444444}.Debug|x86.Build.0 = Debug|Any CPU
		{44444444-4444-4444-4444-444444444444}.Release|Any CPU.ActiveCfg = Release|Any CPU
		{44444444-4444-4444-4444-444444444444}.Release|Any CPU.Build.0 = Release|Any CPU
		{44444444-4444-4444-4444-444444444444}.Release|x64.ActiveCfg = Release|Any CPU
		{44444444-4444-4444-4444-444444444444}.Release|x64.Build.0 = Release|Any CPU
		{44444444-4444-4444-4444-444444444444}.Release|x86.ActiveCfg = Release|Any CPU
		{44444444-4444-4444-4444-444444444444}.Release|x86.Build.0 = Release|Any CPU
		{55555555-5555-5555-5555-555555555555}.Debug|Any CPU.ActiveCfg = Debug|Any CPU
		{55555555-5555-5555-5555-555555555555}.Debug|Any CPU.Build.0 = Debug|Any CPU
		{55555555-5555-5555-5555-555555555555}.Debug|x64.ActiveCfg = Debug|Any CPU
		{55555555-5555-5555-5555-555555555555}.Debug|x64.Build.0 = Debug|Any CPU
		{55555555-5555-5555-5555-555555555555}.Debug|x86.ActiveCfg = Debug|Any CPU
		{55555555-5555-5555-5555-555555555555}.Debug|x86.Build.0 = Debug|Any CPU
		{55555555-5555-5555-5555-555555555555}.Release|Any CPU.ActiveCfg = Release|Any CPU
		{55555555-5555-5555-5555-555555555555}.Release|Any CPU.Build.0 = Release|Any CPU
		{55555555-5555-5555-5555-555555555555}.Release|x64.ActiveCfg = Release|Any CPU
		{55555555-5555-5555-5555-555555555555}.Release|x64.Build.0 = Release|Any CPU
		{55555555-5555-5555-5555-555555555555}.Release|x86.ActiveCfg = Release|Any CPU
		{55555555-5555-5555-5555-555555555555}.Release|x86.Build.0 = Release|Any CPU
		{66666666-6666-6666-6666-666666666666}.Debug|Any CPU.ActiveCfg = Debug|Any CPU
		{66666666-6666-6666-6666-666666666666}.Debug|Any CPU.Build.0 = Debug|Any CPU
		{66666666-6666-6666-6666-666666666666}.Debug|x64.ActiveCfg = Debug|Any CPU
		{66666666-6666-6666-6666-666666666666}.Debug|x64.Build.0 = Debug|Any CPU
		{66666666-6666-6666-6666-666666666666}.Debug|x86.ActiveCfg = Debug|Any CPU
		{66666666-6666-6666-6666-666666666666}.Debug|x86.Build.0 = Debug|Any CPU
		{66666666-6666-6666-6666-666666666666}.Release|Any CPU.ActiveCfg = Release|Any CPU
		{66666666-6666-6666-6666-666666666666}.Release|Any CPU.Build.0 = Release|Any CPU
		{66666666-6666-6666-6666-666666666666}.Release|x64.ActiveCfg = Release|Any CPU
		{66666666-6666-6666-6666-666666666666}.Release|x64.Build.0 = Release|Any CPU
		{66666666-6666-6666-6666-666666666666}.Release|x86.ActiveCfg = Release|Any CPU
		{66666666-6666-6666-6666-666666666666}.Release|x86.Build.0 = Release|Any CPU
		{77777777-7777-7777-7777-777777777777}.Debug|Any CPU.ActiveCfg = Debug|Any CPU
		{77777777-7777-7777-7777-777777777777}.Debug|Any CPU.Build.0 = Debug|Any CPU
		{77777777-7777-7777-7777-777777777777}.Debug|x64.ActiveCfg = Debug|Any CPU
		{77777777-7777-7777-7777-777777777777}.Debug|x64.Build.0 = Debug|Any CPU
		{77777777-7777-7777-7777-777777777777}.Debug|x86.ActiveCfg = Debug|Any CPU
		{77777777-7777-7777-7777-777777777777}.Debug|x86.Build.0 = Debug|Any CPU
		{77777777-7777-7777-7777-777777777777}.Release|Any CPU.ActiveCfg = Release|Any CPU
		{77777777-7777-7777-7777-777777777777}.Release|Any CPU.Build.0 = Release|Any CPU
		{77777777-7777-7777-7777-777777777777}.Release|x64.ActiveCfg = Release|Any CPU
		{77777777-7777-7777-7777-777777777777}.Release|x64.Build.0 = Release|Any CPU
		{77777777-7777-7777-7777-777777777777}.Release|x86.ActiveCfg = Release|Any CPU
		{77777777-7777-7777-7777-777777777777}.Release|x86.Build.0 = Release|Any CPU
		{88888888-8888-8888-8888-888888888888}.Debug|Any CPU.ActiveCfg = Debug|Any CPU
		{88888888-8888-8888-8888-888888888888}.Debug|Any CPU.Build.0 = Debug|Any CPU
		{88888888-8888-8888-8888-888888888888}.Debug|x64.ActiveCfg = Debug|Any CPU
		{88888888-8888-8888-8888-888888888888}.Debug|x64.Build.0 = Debug|Any CPU
		{88888888-8888-8888-8888-888888888888}.Debug|x86.ActiveCfg = Debug|Any CPU
		{88888888-8888-8888-8888-888888888888}.Debug|x86.Build.0 = Debug|Any CPU
		{88888888-8888-8888-8888-888888888888}.Release|Any CPU.ActiveCfg = Release|Any CPU
		{88888888-8888-8888-8888-888888888888}.Release|Any CPU.Build.0 = Release|Any CPU
		{88888888-8888-8888-8888-888888888888}.Release|x64.ActiveCfg = Release|Any CPU
		{88888888-8888-8888-8888-888888888888}.Release|x64.Build.0 = Release|Any CPU
		{88888888-8888-8888-8888-888888888888}.Release|x86.ActiveCfg = Release|Any CPU
		{88888888-8888-8888-8888-888888888888}.Release|x86.Build.0 = Release|Any CPU
		{99999999-9999-9999-9999-999999999999}.Debug|Any CPU.ActiveCfg = Debug|Any CPU
		{99999999-9999-9999-9999-999999999999}.Debug|Any CPU.Build.0 = Debug|Any CPU
		{99999999-9999-9999-9999-999999999999}.Debug|x64.ActiveCfg = Debug|Any CPU
		{99999999-9999-9999-9999-999999999999}.Debug|x64.Build.0 = Debug|Any CPU
		{99999999-9999-9999-9999-999999999999}.Debug|x86.ActiveCfg = Debug|Any CPU
		{99999999-9999-9999-9999-999999999999}.Debug|x86.Build.0 = Debug|Any CPU
		{99999999-9999-9999-9999-999999999999}.Release|Any CPU.ActiveCfg = Release|Any CPU
		{99999999-9999-9999-9999-999999999999}.Release|Any CPU.Build.0 = Release|Any CPU
		{99999999-9999-9999-9999-999999999999}.Release|x64.ActiveCfg = Release|Any CPU
		{99999999-9999-9999-9999-999999999999}.Release|x64.Build.0 = Release|Any CPU
		{99999999-9999-9999-9999-999999999999}.Release|x86.ActiveCfg = Release|Any CPU
		{99999999-9999-9999-9999-999999999999}.Release|x86.Build.0 = Release|Any CPU
		{8D40F600-E8E7-4E5A-B1E9-144C93777F4C}.Debug|Any CPU.ActiveCfg = Debug|Any CPU
		{8D40F600-E8E7-4E5A-B1E9-144C93777F4C}.Debug|Any CPU.Build.0 = Debug|Any CPU
		{8D40F600-E8E7-4E5A-B1E9-144C93777F4C}.Debug|x64.ActiveCfg = Debug|Any CPU
		{8D40F600-E8E7-4E5A-B1E9-144C93777F4C}.Debug|x64.Build.0 = Debug|Any CPU
		{8D40F600-E8E7-4E5A-B1E9-144C93777F4C}.Debug|x86.ActiveCfg = Debug|Any CPU
		{8D40F600-E8E7-4E5A-B1E9-144C93777F4C}.Debug|x86.Build.0 = Debug|Any CPU
		{8D40F600-E8E7-4E5A-B1E9-144C93777F4C}.Release|Any CPU.ActiveCfg = Release|Any CPU
		{8D40F600-E8E7-4E5A-B1E9-144C93777F4C}.Release|Any CPU.Build.0 = Release|Any CPU
		{8D40F600-E8E7-4E5A-B1E9-144C93777F4C}.Release|x64.ActiveCfg = Release|Any CPU
		{8D40F600-E8E7-4E5A-B1E9-144C93777F4C}.Release|x64.Build.0 = Release|Any CPU
		{8D40F600-E8E7-4E5A-B1E9-144C93777F4C}.Release|x86.ActiveCfg = Release|Any CPU
		{8D40F600-E8E7-4E5A-B1E9-144C93777F4C}.Release|x86.Build.0 = Release|Any CPU
		{F4B50161-83C3-4B1D-A8ED-ACA0E4A03FAB}.Debug|Any CPU.ActiveCfg = Debug|Any CPU
		{F4B50161-83C3-4B1D-A8ED-ACA0E4A03FAB}.Debug|Any CPU.Build.0 = Debug|Any CPU
		{F4B50161-83C3-4B1D-A8ED-ACA0E4A03FAB}.Debug|x64.ActiveCfg = Debug|Any CPU
		{F4B50161-83C3-4B1D-A8ED-ACA0E4A03FAB}.Debug|x64.Build.0 = Debug|Any CPU
		{F4B50161-83C3-4B1D-A8ED-ACA0E4A03FAB}.Debug|x86.ActiveCfg = Debug|Any CPU
		{F4B50161-83C3-4B1D-A8ED-ACA0E4A03FAB}.Debug|x86.Build.0 = Debug|Any CPU
		{F4B50161-83C3-4B1D-A8ED-ACA0E4A03FAB}.Release|Any CPU.ActiveCfg = Release|Any CPU
		{F4B50161-83C3-4B1D-A8ED-ACA0E4A03FAB}.Release|Any CPU.Build.0 = Release|Any CPU
		{F4B50161-83C3-4B1D-A8ED-ACA0E4A03FAB}.Release|x64.ActiveCfg = Release|Any CPU
		{F4B50161-83C3-4B1D-A8ED-ACA0E4A03FAB}.Release|x64.Build.0 = Release|Any CPU
		{F4B50161-83C3-4B1D-A8ED-ACA0E4A03FAB}.Release|x86.ActiveCfg = Release|Any CPU
		{F4B50161-83C3-4B1D-A8ED-ACA0E4A03FAB}.Release|x86.Build.0 = Release|Any CPU
		{0BD4EC67-3B75-4CFD-BCD8-002B238DC7E2}.Debug|Any CPU.ActiveCfg = Debug|Any CPU
		{0BD4EC67-3B75-4CFD-BCD8-002B238DC7E2}.Debug|Any CPU.Build.0 = Debug|Any CPU
		{0BD4EC67-3B75-4CFD-BCD8-002B238DC7E2}.Debug|x64.ActiveCfg = Debug|Any CPU
		{0BD4EC67-3B75-4CFD-BCD8-002B238DC7E2}.Debug|x64.Build.0 = Debug|Any CPU
		{0BD4EC67-3B75-4CFD-BCD8-002B238DC7E2}.Debug|x86.ActiveCfg = Debug|Any CPU
		{0BD4EC67-3B75-4CFD-BCD8-002B238DC7E2}.Debug|x86.Build.0 = Debug|Any CPU
		{0BD4EC67-3B75-4CFD-BCD8-002B238DC7E2}.Release|Any CPU.ActiveCfg = Release|Any CPU
		{0BD4EC67-3B75-4CFD-BCD8-002B238DC7E2}.Release|Any CPU.Build.0 = Release|Any CPU
		{0BD4EC67-3B75-4CFD-BCD8-002B238DC7E2}.Release|x64.ActiveCfg = Release|Any CPU
		{0BD4EC67-3B75-4CFD-BCD8-002B238DC7E2}.Release|x64.Build.0 = Release|Any CPU
		{0BD4EC67-3B75-4CFD-BCD8-002B238DC7E2}.Release|x86.ActiveCfg = Release|Any CPU
		{0BD4EC67-3B75-4CFD-BCD8-002B238DC7E2}.Release|x86.Build.0 = Release|Any CPU
		{1E9F468B-CB12-4D31-9087-DF0D76746A8C}.Debug|Any CPU.ActiveCfg = Debug|Any CPU
		{1E9F468B-CB12-4D31-9087-DF0D76746A8C}.Debug|Any CPU.Build.0 = Debug|Any CPU
		{1E9F468B-CB12-4D31-9087-DF0D76746A8C}.Debug|x64.ActiveCfg = Debug|Any CPU
		{1E9F468B-CB12-4D31-9087-DF0D76746A8C}.Debug|x64.Build.0 = Debug|Any CPU
		{1E9F468B-CB12-4D31-9087-DF0D76746A8C}.Debug|x86.ActiveCfg = Debug|Any CPU
		{1E9F468B-CB12-4D31-9087-DF0D76746A8C}.Debug|x86.Build.0 = Debug|Any CPU
		{1E9F468B-CB12-4D31-9087-DF0D76746A8C}.Release|Any CPU.ActiveCfg = Release|Any CPU
		{1E9F468B-CB12-4D31-9087-DF0D76746A8C}.Release|Any CPU.Build.0 = Release|Any CPU
		{1E9F468B-CB12-4D31-9087-DF0D76746A8C}.Release|x64.ActiveCfg = Release|Any CPU
		{1E9F468B-CB12-4D31-9087-DF0D76746A8C}.Release|x64.Build.0 = Release|Any CPU
		{1E9F468B-CB12-4D31-9087-DF0D76746A8C}.Release|x86.ActiveCfg = Release|Any CPU
		{1E9F468B-CB12-4D31-9087-DF0D76746A8C}.Release|x86.Build.0 = Release|Any CPU
		{89DEE376-0E0D-42B2-BF58-A2339C4A22B2}.Debug|Any CPU.ActiveCfg = Debug|Any CPU
		{89DEE376-0E0D-42B2-BF58-A2339C4A22B2}.Debug|Any CPU.Build.0 = Debug|Any CPU
		{89DEE376-0E0D-42B2-BF58-A2339C4A22B2}.Debug|x64.ActiveCfg = Debug|Any CPU
		{89DEE376-0E0D-42B2-BF58-A2339C4A22B2}.Debug|x64.Build.0 = Debug|Any CPU
		{89DEE376-0E0D-42B2-BF58-A2339C4A22B2}.Debug|x86.ActiveCfg = Debug|Any CPU
		{89DEE376-0E0D-42B2-BF58-A2339C4A22B2}.Debug|x86.Build.0 = Debug|Any CPU
		{89DEE376-0E0D-42B2-BF58-A2339C4A22B2}.Release|Any CPU.ActiveCfg = Release|Any CPU
		{89DEE376-0E0D-42B2-BF58-A2339C4A22B2}.Release|Any CPU.Build.0 = Release|Any CPU
		{89DEE376-0E0D-42B2-BF58-A2339C4A22B2}.Release|x64.ActiveCfg = Release|Any CPU
		{89DEE376-0E0D-42B2-BF58-A2339C4A22B2}.Release|x64.Build.0 = Release|Any CPU
		{89DEE376-0E0D-42B2-BF58-A2339C4A22B2}.Release|x86.ActiveCfg = Release|Any CPU
		{89DEE376-0E0D-42B2-BF58-A2339C4A22B2}.Release|x86.Build.0 = Release|Any CPU
	EndGlobalSection
	GlobalSection(SolutionProperties) = preSolution
		HideSolutionNode = FALSE
	EndGlobalSection
	GlobalSection(NestedProjects) = preSolution
		{8D40F600-E8E7-4E5A-B1E9-144C93777F4C} = {0AB3BF05-4346-4AA6-1389-037BE0695223}
		{F4B50161-83C3-4B1D-A8ED-ACA0E4A03FAB} = {827E0CD3-B72D-47B6-A68D-7590B98EB39B}
		{0BD4EC67-3B75-4CFD-BCD8-002B238DC7E2} = {0AB3BF05-4346-4AA6-1389-037BE0695223}
		{1E9F468B-CB12-4D31-9087-DF0D76746A8C} = {F2E35B3E-9711-EDEC-6202-DB40BDEED14A}
		{89DEE376-0E0D-42B2-BF58-A2339C4A22B2} = {F2E35B3E-9711-EDEC-6202-DB40BDEED14A}
	EndGlobalSection
EndGlobal
